
Microsoft Visual Studio Solution File, Format Version 12.00
# Visual Studio 2013
VisualStudioVersion = 12.0.31101.0
MinimumVisualStudioVersion = 10.0.40219.1
Project("{FAE04EC0-301F-11D3-BF4B-00C04F79EFBC}") = "WpfApplication3", "WpfApplication3\WpfApplication3.csproj", "{E71EF559-BA39-40AB-9910-74BE97AC1B50}"
EndProject
Project("{FAE04EC0-301F-11D3-BF4B-00C04F79EFBC}") = "ClassLibrary1", "ClassLibrary1\ClassLibrary1.csproj", "{AD79C7C5-316E-4C7C-94BD-E8EC3C5575B8}"
EndProject
Global
	GlobalSection(SolutionConfigurationPlatforms) = preSolution
		Debug|Any CPU = Debug|Any CPU
		Release|Any CPU = Release|Any CPU
	EndGlobalSection
	GlobalSection(ProjectConfigurationPlatforms) = postSolution
		{E71EF559-BA39-40AB-9910-74BE97AC1B50}.Debug|Any CPU.ActiveCfg = Debug|Any CPU
		{E71EF559-BA39-40AB-9910-74BE97AC1B50}.Debug|Any CPU.Build.0 = Debug|Any CPU
		{E71EF559-BA39-40AB-9910-74BE97AC1B50}.Release|Any CPU.ActiveCfg = Release|Any CPU
		{E71EF559-BA39-40AB-9910-74BE97AC1B50}.Release|Any CPU.Build.0 = Release|Any CPU
		{AD79C7C5-316E-4C7C-94BD-E8EC3C5575B8}.Debug|Any CPU.ActiveCfg = Debug|Any CPU
		{AD79C7C5-316E-4C7C-94BD-E8EC3C5575B8}.Debug|Any CPU.Build.0 = Debug|Any CPU
		{AD79C7C5-316E-4C7C-94BD-E8EC3C5575B8}.Release|Any CPU.ActiveCfg = Release|Any CPU
		{AD79C7C5-316E-4C7C-94BD-E8EC3C5575B8}.Release|Any CPU.Build.0 = Release|Any CPU
	EndGlobalSection
	GlobalSection(SolutionProperties) = preSolution
		HideSolutionNode = FALSE
	EndGlobalSection
EndGlobal
